// !$*UTF8*$!
{
	archiveVersion = 1;
	classes = {
	};
	objectVersion = 47;
	objects = {

/* Begin PBXBuildFile section */
		76F6EA2A1C84D45000940A2B /* main.swift in Sources */ = {isa = PBXBuildFile; fileRef = 76F6EA291C84D45000940A2B /* main.swift */; };
		76F6EA3C1C84D5D000940A2B /* Alamofire.framework in Frameworks */ = {isa = PBXBuildFile; fileRef = 76F6EA391C84D5D000940A2B /* Alamofire.framework */; };
		76F6EA3D1C84D5D000940A2B /* Alamofire.framework in Embed Frameworks */ = {isa = PBXBuildFile; fileRef = 76F6EA391C84D5D000940A2B /* Alamofire.framework */; settings = {ATTRIBUTES = (CodeSignOnCopy, RemoveHeadersOnCopy, ); }; };
		76F6EA3E1C84D5D000940A2B /* SwiftyBeaver.framework in Frameworks */ = {isa = PBXBuildFile; fileRef = 76F6EA3A1C84D5D000940A2B /* SwiftyBeaver.framework */; };
		76F6EA3F1C84D5D000940A2B /* SwiftyBeaver.framework in Embed Frameworks */ = {isa = PBXBuildFile; fileRef = 76F6EA3A1C84D5D000940A2B /* SwiftyBeaver.framework */; settings = {ATTRIBUTES = (CodeSignOnCopy, RemoveHeadersOnCopy, ); }; };
		76F6EA401C84D5D000940A2B /* SwiftyJSON.framework in Frameworks */ = {isa = PBXBuildFile; fileRef = 76F6EA3B1C84D5D000940A2B /* SwiftyJSON.framework */; };
		76F6EA411C84D5D000940A2B /* SwiftyJSON.framework in Embed Frameworks */ = {isa = PBXBuildFile; fileRef = 76F6EA3B1C84D5D000940A2B /* SwiftyJSON.framework */; settings = {ATTRIBUTES = (CodeSignOnCopy, RemoveHeadersOnCopy, ); }; };
		76F6EA491C84D60B00940A2B /* Alamofire.framework.dSYM in Copy Debug Symbols */ = {isa = PBXBuildFile; fileRef = 76F6EA461C84D60B00940A2B /* Alamofire.framework.dSYM */; };
		76F6EA4A1C84D60B00940A2B /* SwiftyBeaver.framework.dSYM in Copy Debug Symbols */ = {isa = PBXBuildFile; fileRef = 76F6EA471C84D60B00940A2B /* SwiftyBeaver.framework.dSYM */; };
		76F6EA4B1C84D60B00940A2B /* SwiftyJSON.framework.dSYM in Copy Debug Symbols */ = {isa = PBXBuildFile; fileRef = 76F6EA481C84D60B00940A2B /* SwiftyJSON.framework.dSYM */; };
		76F6EA4D1C84D62D00940A2B /* crucible-tools.app in Copy App */ = {isa = PBXBuildFile; fileRef = 76F6EA261C84D45000940A2B /* crucible-tools.app */; };
		76F6EA501C84D9A100940A2B /* Config.swift in Sources */ = {isa = PBXBuildFile; fileRef = 76F6EA4E1C84D9A100940A2B /* Config.swift */; };
		76F6EA511C84D9A100940A2B /* CountdownLatch.swift in Sources */ = {isa = PBXBuildFile; fileRef = 76F6EA4F1C84D9A100940A2B /* CountdownLatch.swift */; };
		76F6EA531C84EC0800940A2B /* Crucible.swift in Sources */ = {isa = PBXBuildFile; fileRef = 76F6EA521C84EC0800940A2B /* Crucible.swift */; };
/* End PBXBuildFile section */

/* Begin PBXCopyFilesBuildPhase section */
		76F6EA421C84D5D000940A2B /* Embed Frameworks */ = {
			isa = PBXCopyFilesBuildPhase;
			buildActionMask = 2147483647;
			dstPath = "";
			dstSubfolderSpec = 10;
			files = (
				76F6EA3D1C84D5D000940A2B /* Alamofire.framework in Embed Frameworks */,
				76F6EA3F1C84D5D000940A2B /* SwiftyBeaver.framework in Embed Frameworks */,
				76F6EA411C84D5D000940A2B /* SwiftyJSON.framework in Embed Frameworks */,
			);
			name = "Embed Frameworks";
			runOnlyForDeploymentPostprocessing = 0;
		};
		76F6EA451C84D5F700940A2B /* Copy Debug Symbols */ = {
			isa = PBXCopyFilesBuildPhase;
			buildActionMask = 2147483647;
			dstPath = "";
			dstSubfolderSpec = 16;
			files = (
				76F6EA491C84D60B00940A2B /* Alamofire.framework.dSYM in Copy Debug Symbols */,
				76F6EA4A1C84D60B00940A2B /* SwiftyBeaver.framework.dSYM in Copy Debug Symbols */,
				76F6EA4B1C84D60B00940A2B /* SwiftyJSON.framework.dSYM in Copy Debug Symbols */,
			);
			name = "Copy Debug Symbols";
			runOnlyForDeploymentPostprocessing = 0;
		};
		76F6EA4C1C84D61800940A2B /* Copy App */ = {
			isa = PBXCopyFilesBuildPhase;
			buildActionMask = 2147483647;
			dstPath = "${PROJECT_DIR}/bin";
			dstSubfolderSpec = 0;
			files = (
				76F6EA4D1C84D62D00940A2B /* crucible-tools.app in Copy App */,
			);
			name = "Copy App";
			runOnlyForDeploymentPostprocessing = 0;
		};
/* End PBXCopyFilesBuildPhase section */

/* Begin PBXFileReference section */
		76F6EA261C84D45000940A2B /* crucible-tools.app */ = {isa = PBXFileReference; explicitFileType = wrapper.application; includeInIndex = 0; path = "crucible-tools.app"; sourceTree = BUILT_PRODUCTS_DIR; };
		76F6EA291C84D45000940A2B /* main.swift */ = {isa = PBXFileReference; lastKnownFileType = sourcecode.swift; path = main.swift; sourceTree = "<group>"; };
		76F6EA2B1C84D45000940A2B /* Info.plist */ = {isa = PBXFileReference; lastKnownFileType = text.plist.xml; path = Info.plist; sourceTree = "<group>"; };
		76F6EA311C84D5B800940A2B /* Cartfile */ = {isa = PBXFileReference; fileEncoding = 4; lastKnownFileType = text; path = Cartfile; sourceTree = "<group>"; };
		76F6EA321C84D5B800940A2B /* Cartfile.resolved */ = {isa = PBXFileReference; fileEncoding = 4; lastKnownFileType = text; path = Cartfile.resolved; sourceTree = "<group>"; };
		76F6EA331C84D5B800940A2B /* config-sample.plist */ = {isa = PBXFileReference; fileEncoding = 4; lastKnownFileType = text.plist.xml; path = "config-sample.plist"; sourceTree = "<group>"; };
		76F6EA341C84D5B800940A2B /* config.plist */ = {isa = PBXFileReference; fileEncoding = 4; lastKnownFileType = text.plist.xml; path = config.plist; sourceTree = "<group>"; };
		76F6EA351C84D5B800940A2B /* LICENSE.md */ = {isa = PBXFileReference; fileEncoding = 4; lastKnownFileType = net.daringfireball.markdown; path = LICENSE.md; sourceTree = "<group>"; };
		76F6EA361C84D5B800940A2B /* README.md */ = {isa = PBXFileReference; fileEncoding = 4; lastKnownFileType = net.daringfireball.markdown; path = README.md; sourceTree = "<group>"; };
		76F6EA391C84D5D000940A2B /* Alamofire.framework */ = {isa = PBXFileReference; lastKnownFileType = wrapper.framework; name = Alamofire.framework; path = Carthage/Build/Mac/Alamofire.framework; sourceTree = "<group>"; };
		76F6EA3A1C84D5D000940A2B /* SwiftyBeaver.framework */ = {isa = PBXFileReference; lastKnownFileType = wrapper.framework; name = SwiftyBeaver.framework; path = Carthage/Build/Mac/SwiftyBeaver.framework; sourceTree = "<group>"; };
		76F6EA3B1C84D5D000940A2B /* SwiftyJSON.framework */ = {isa = PBXFileReference; lastKnownFileType = wrapper.framework; name = SwiftyJSON.framework; path = Carthage/Build/Mac/SwiftyJSON.framework; sourceTree = "<group>"; };
		76F6EA461C84D60B00940A2B /* Alamofire.framework.dSYM */ = {isa = PBXFileReference; lastKnownFileType = wrapper.dsym; name = Alamofire.framework.dSYM; path = Carthage/Build/Mac/Alamofire.framework.dSYM; sourceTree = "<group>"; };
		76F6EA471C84D60B00940A2B /* SwiftyBeaver.framework.dSYM */ = {isa = PBXFileReference; lastKnownFileType = wrapper.dsym; name = SwiftyBeaver.framework.dSYM; path = Carthage/Build/Mac/SwiftyBeaver.framework.dSYM; sourceTree = "<group>"; };
		76F6EA481C84D60B00940A2B /* SwiftyJSON.framework.dSYM */ = {isa = PBXFileReference; lastKnownFileType = wrapper.dsym; name = SwiftyJSON.framework.dSYM; path = Carthage/Build/Mac/SwiftyJSON.framework.dSYM; sourceTree = "<group>"; };
		76F6EA4E1C84D9A100940A2B /* Config.swift */ = {isa = PBXFileReference; fileEncoding = 4; lastKnownFileType = sourcecode.swift; path = Config.swift; sourceTree = "<group>"; };
		76F6EA4F1C84D9A100940A2B /* CountdownLatch.swift */ = {isa = PBXFileReference; fileEncoding = 4; lastKnownFileType = sourcecode.swift; path = CountdownLatch.swift; sourceTree = "<group>"; };
		76F6EA521C84EC0800940A2B /* Crucible.swift */ = {isa = PBXFileReference; fileEncoding = 4; lastKnownFileType = sourcecode.swift; path = Crucible.swift; sourceTree = "<group>"; };
/* End PBXFileReference section */

/* Begin PBXFrameworksBuildPhase section */
		76F6EA241C84D45000940A2B /* Frameworks */ = {
			isa = PBXFrameworksBuildPhase;
			buildActionMask = 2147483647;
			files = (
				76F6EA3C1C84D5D000940A2B /* Alamofire.framework in Frameworks */,
				76F6EA3E1C84D5D000940A2B /* SwiftyBeaver.framework in Frameworks */,
				76F6EA401C84D5D000940A2B /* SwiftyJSON.framework in Frameworks */,
			);
			runOnlyForDeploymentPostprocessing = 0;
		};
/* End PBXFrameworksBuildPhase section */

/* Begin PBXGroup section */
		76F6EA1E1C84D45000940A2B = {
			isa = PBXGroup;
			children = (
				76F6EA461C84D60B00940A2B /* Alamofire.framework.dSYM */,
				76F6EA471C84D60B00940A2B /* SwiftyBeaver.framework.dSYM */,
				76F6EA481C84D60B00940A2B /* SwiftyJSON.framework.dSYM */,
				76F6EA391C84D5D000940A2B /* Alamofire.framework */,
				76F6EA3A1C84D5D000940A2B /* SwiftyBeaver.framework */,
				76F6EA3B1C84D5D000940A2B /* SwiftyJSON.framework */,
				76F6EA311C84D5B800940A2B /* Cartfile */,
				76F6EA321C84D5B800940A2B /* Cartfile.resolved */,
				76F6EA331C84D5B800940A2B /* config-sample.plist */,
				76F6EA341C84D5B800940A2B /* config.plist */,
				76F6EA351C84D5B800940A2B /* LICENSE.md */,
				76F6EA361C84D5B800940A2B /* README.md */,
				76F6EA281C84D45000940A2B /* crucible-tools */,
				76F6EA271C84D45000940A2B /* Products */,
			);
			sourceTree = "<group>";
		};
		76F6EA271C84D45000940A2B /* Products */ = {
			isa = PBXGroup;
			children = (
				76F6EA261C84D45000940A2B /* crucible-tools.app */,
			);
			name = Products;
			sourceTree = "<group>";
		};
		76F6EA281C84D45000940A2B /* crucible-tools */ = {
			isa = PBXGroup;
			children = (
				76F6EA4E1C84D9A100940A2B /* Config.swift */,
				76F6EA4F1C84D9A100940A2B /* CountdownLatch.swift */,
				76F6EA291C84D45000940A2B /* main.swift */,
				76F6EA2B1C84D45000940A2B /* Info.plist */,
				76F6EA521C84EC0800940A2B /* Crucible.swift */,
			);
			path = "crucible-tools";
			sourceTree = "<group>";
		};
/* End PBXGroup section */

/* Begin PBXNativeTarget section */
		76F6EA251C84D45000940A2B /* crucible-tools */ = {
			isa = PBXNativeTarget;
			buildConfigurationList = 76F6EA2E1C84D45000940A2B /* Build configuration list for PBXNativeTarget "crucible-tools" */;
			buildPhases = (
				76F6EA231C84D45000940A2B /* Sources */,
				76F6EA241C84D45000940A2B /* Frameworks */,
				76F6EA421C84D5D000940A2B /* Embed Frameworks */,
				76F6EA451C84D5F700940A2B /* Copy Debug Symbols */,
				76F6EA4C1C84D61800940A2B /* Copy App */,
			);
			buildRules = (
			);
			dependencies = (
			);
			name = "crucible-tools";
			productName = "crucible-tools";
			productReference = 76F6EA261C84D45000940A2B /* crucible-tools.app */;
			productType = "com.apple.product-type.application";
		};
/* End PBXNativeTarget section */

/* Begin PBXProject section */
		76F6EA1F1C84D45000940A2B /* Project object */ = {
			isa = PBXProject;
			attributes = {
				LastSwiftUpdateCheck = 0720;
				LastUpgradeCheck = 0720;
				ORGANIZATIONNAME = Renaghan;
				TargetAttributes = {
					76F6EA251C84D45000940A2B = {
						CreatedOnToolsVersion = 7.2.1;
					};
				};
			};
			buildConfigurationList = 76F6EA221C84D45000940A2B /* Build configuration list for PBXProject "crucible-tools" */;
			compatibilityVersion = "Xcode 6.3";
			developmentRegion = English;
			hasScannedForEncodings = 0;
			knownRegions = (
				en,
			);
			mainGroup = 76F6EA1E1C84D45000940A2B;
			productRefGroup = 76F6EA271C84D45000940A2B /* Products */;
			projectDirPath = "";
			projectRoot = "";
			targets = (
				76F6EA251C84D45000940A2B /* crucible-tools */,
			);
		};
/* End PBXProject section */

/* Begin PBXSourcesBuildPhase section */
		76F6EA231C84D45000940A2B /* Sources */ = {
			isa = PBXSourcesBuildPhase;
			buildActionMask = 2147483647;
			files = (
				76F6EA511C84D9A100940A2B /* CountdownLatch.swift in Sources */,
				76F6EA2A1C84D45000940A2B /* main.swift in Sources */,
				76F6EA531C84EC0800940A2B /* Crucible.swift in Sources */,
				76F6EA501C84D9A100940A2B /* Config.swift in Sources */,
			);
			runOnlyForDeploymentPostprocessing = 0;
		};
/* End PBXSourcesBuildPhase section */

/* Begin XCBuildConfiguration section */
		76F6EA2C1C84D45000940A2B /* Debug */ = {
			isa = XCBuildConfiguration;
			buildSettings = {
				ALWAYS_SEARCH_USER_PATHS = NO;
				CLANG_CXX_LANGUAGE_STANDARD = "gnu++0x";
				CLANG_CXX_LIBRARY = "libc++";
				CLANG_ENABLE_MODULES = YES;
				CLANG_ENABLE_OBJC_ARC = YES;
				CLANG_WARN_BOOL_CONVERSION = YES;
				CLANG_WARN_CONSTANT_CONVERSION = YES;
				CLANG_WARN_DIRECT_OBJC_ISA_USAGE = YES_ERROR;
				CLANG_WARN_EMPTY_BODY = YES;
				CLANG_WARN_ENUM_CONVERSION = YES;
				CLANG_WARN_INT_CONVERSION = YES;
				CLANG_WARN_OBJC_ROOT_CLASS = YES_ERROR;
				CLANG_WARN_UNREACHABLE_CODE = YES;
				CLANG_WARN__DUPLICATE_METHOD_MATCH = YES;
				CODE_SIGN_IDENTITY = "-";
				COPY_PHASE_STRIP = NO;
				DEBUG_INFORMATION_FORMAT = dwarf;
				ENABLE_STRICT_OBJC_MSGSEND = YES;
				ENABLE_TESTABILITY = YES;
				GCC_C_LANGUAGE_STANDARD = gnu99;
				GCC_DYNAMIC_NO_PIC = NO;
				GCC_NO_COMMON_BLOCKS = YES;
				GCC_OPTIMIZATION_LEVEL = 0;
				GCC_PREPROCESSOR_DEFINITIONS = (
					"DEBUG=1",
					"$(inherited)",
				);
				GCC_WARN_64_TO_32_BIT_CONVERSION = YES;
				GCC_WARN_ABOUT_RETURN_TYPE = YES_ERROR;
				GCC_WARN_UNDECLARED_SELECTOR = YES;
				GCC_WARN_UNINITIALIZED_AUTOS = YES_AGGRESSIVE;
				GCC_WARN_UNUSED_FUNCTION = YES;
				GCC_WARN_UNUSED_VARIABLE = YES;
				MACOSX_DEPLOYMENT_TARGET = 10.11;
				MTL_ENABLE_DEBUG_INFO = YES;
				ONLY_ACTIVE_ARCH = YES;
				SDKROOT = macosx;
			};
			name = Debug;
		};
		76F6EA2D1C84D45000940A2B /* Release */ = {
			isa = XCBuildConfiguration;
			buildSettings = {
				ALWAYS_SEARCH_USER_PATHS = NO;
				CLANG_CXX_LANGUAGE_STANDARD = "gnu++0x";
				CLANG_CXX_LIBRARY = "libc++";
				CLANG_ENABLE_MODULES = YES;
				CLANG_ENABLE_OBJC_ARC = YES;
				CLANG_WARN_BOOL_CONVERSION = YES;
				CLANG_WARN_CONSTANT_CONVERSION = YES;
				CLANG_WARN_DIRECT_OBJC_ISA_USAGE = YES_ERROR;
				CLANG_WARN_EMPTY_BODY = YES;
				CLANG_WARN_ENUM_CONVERSION = YES;
				CLANG_WARN_INT_CONVERSION = YES;
				CLANG_WARN_OBJC_ROOT_CLASS = YES_ERROR;
				CLANG_WARN_UNREACHABLE_CODE = YES;
				CLANG_WARN__DUPLICATE_METHOD_MATCH = YES;
				CODE_SIGN_IDENTITY = "-";
				COPY_PHASE_STRIP = NO;
				DEBUG_INFORMATION_FORMAT = "dwarf-with-dsym";
				ENABLE_NS_ASSERTIONS = NO;
				ENABLE_STRICT_OBJC_MSGSEND = YES;
				GCC_C_LANGUAGE_STANDARD = gnu99;
				GCC_NO_COMMON_BLOCKS = YES;
				GCC_WARN_64_TO_32_BIT_CONVERSION = YES;
				GCC_WARN_ABOUT_RETURN_TYPE = YES_ERROR;
				GCC_WARN_UNDECLARED_SELECTOR = YES;
				GCC_WARN_UNINITIALIZED_AUTOS = YES_AGGRESSIVE;
				GCC_WARN_UNUSED_FUNCTION = YES;
				GCC_WARN_UNUSED_VARIABLE = YES;
				MACOSX_DEPLOYMENT_TARGET = 10.11;
				MTL_ENABLE_DEBUG_INFO = NO;
				SDKROOT = macosx;
			};
			name = Release;
		};
		76F6EA2F1C84D45000940A2B /* Debug */ = {
			isa = XCBuildConfiguration;
			buildSettings = {
				CODE_SIGN_IDENTITY = "";
				FRAMEWORK_SEARCH_PATHS = (
					"$(inherited)",
					"$(PROJECT_DIR)/Carthage/Build/Mac",
				);
				INFOPLIST_FILE = "crucible-tools/Info.plist";
				LD_RUNPATH_SEARCH_PATHS = "$(inherited) @executable_path/Frameworks @executable_path/../Frameworks";
				PRODUCT_BUNDLE_IDENTIFIER = "com.renaghan.crucible-tools";
				PRODUCT_NAME = "$(TARGET_NAME)";
			};
			name = Debug;
		};
		76F6EA301C84D45000940A2B /* Release */ = {
			isa = XCBuildConfiguration;
			buildSettings = {
				CODE_SIGN_IDENTITY = "";
				FRAMEWORK_SEARCH_PATHS = (
					"$(inherited)",
					"$(PROJECT_DIR)/Carthage/Build/Mac",
				);
				GCC_OPTIMIZATION_LEVEL = 0;
				INFOPLIST_FILE = "crucible-tools/Info.plist";
				LD_RUNPATH_SEARCH_PATHS = "$(inherited) @executable_path/Frameworks @executable_path/../Frameworks";
				PRODUCT_BUNDLE_IDENTIFIER = "com.renaghan.crucible-tools";
				PRODUCT_NAME = "$(TARGET_NAME)";
			};
			name = Release;
		};
/* End XCBuildConfiguration section */

/* Begin XCConfigurationList section */
		76F6EA221C84D45000940A2B /* Build configuration list for PBXProject "crucible-tools" */ = {
			isa = XCConfigurationList;
			buildConfigurations = (
				76F6EA2C1C84D45000940A2B /* Debug */,
				76F6EA2D1C84D45000940A2B /* Release */,
			);
			defaultConfigurationIsVisible = 0;
			defaultConfigurationName = Release;
		};
		76F6EA2E1C84D45000940A2B /* Build configuration list for PBXNativeTarget "crucible-tools" */ = {
			isa = XCConfigurationList;
			buildConfigurations = (
				76F6EA2F1C84D45000940A2B /* Debug */,
				76F6EA301C84D45000940A2B /* Release */,
			);
			defaultConfigurationIsVisible = 0;
		};
/* End XCConfigurationList section */
	};
	rootObject = 76F6EA1F1C84D45000940A2B /* Project object */;
}
